
Microsoft Visual Studio Solution File, Format Version 12.00
# Visual Studio Version 17
VisualStudioVersion = 17.10.35122.118
MinimumVisualStudioVersion = 10.0.40219.1
Project("{FAE04EC0-301F-11D3-BF4B-00C04F79EFBC}") = "Eksamensprojekt_Programmering", "Eksamensprojekt_Programmering\Eksamensprojekt_Programmering.csproj", "{18D4EF22-4572-46A7-96B3-352F2FD7842D}"
EndProject
Global
	GlobalSection(SolutionConfigurationPlatforms) = preSolution
		Debug|Any CPU = Debug|Any CPU
		Release|Any CPU = Release|Any CPU
	EndGlobalSection
	GlobalSection(ProjectConfigurationPlatforms) = postSolution
		{18D4EF22-4572-46A7-96B3-352F2FD7842D}.Debug|Any CPU.ActiveCfg = Debug|Any CPU
		{18D4EF22-4572-46A7-96B3-352F2FD7842D}.Debug|Any CPU.Build.0 = Debug|Any CPU
		{18D4EF22-4572-46A7-96B3-352F2FD7842D}.Release|Any CPU.ActiveCfg = Release|Any CPU
		{18D4EF22-4572-46A7-96B3-352F2FD7842D}.Release|Any CPU.Build.0 = Release|Any CPU
	EndGlobalSection
	GlobalSection(SolutionProperties) = preSolution
		HideSolutionNode = FALSE
	EndGlobalSection
	GlobalSection(ExtensibilityGlobals) = postSolution
		SolutionGuid = {6607AA1D-5D79-4829-B449-ED20EA53E186}
	EndGlobalSection
EndGlobal
